// !$*UTF8*$!
{
	archiveVersion = 1;
	classes = {
	};
	objectVersion = 77;
	objects = {

/* Begin PBXContainerItemProxy section */
		06BF077E2E0253AE00F544A9 /* PBXContainerItemProxy */ = {
			isa = PBXContainerItemProxy;
			containerPortal = 06BF075F2E0253AD00F544A9 /* Project object */;
			proxyType = 1;
			remoteGlobalIDString = 06BF07662E0253AD00F544A9;
			remoteInfo = WalmartTestProject;
		};
		06BF07882E0253AE00F544A9 /* PBXContainerItemProxy */ = {
			isa = PBXContainerItemProxy;
			containerPortal = 06BF075F2E0253AD00F544A9 /* Project object */;
			proxyType = 1;
			remoteGlobalIDString = 06BF07662E0253AD00F544A9;
			remoteInfo = WalmartTestProject;
		};
/* End PBXContainerItemProxy section */

/* Begin PBXFileReference section */
		06BF07672E0253AD00F544A9 /* WalmartTestProject.app */ = {isa = PBXFileReference; explicitFileType = wrapper.application; includeInIndex = 0; path = WalmartTestProject.app; sourceTree = BUILT_PRODUCTS_DIR; };
		06BF077D2E0253AE00F544A9 /* WalmartTestProjectTests.xctest */ = {isa = PBXFileReference; explicitFileType = wrapper.cfbundle; includeInIndex = 0; path = WalmartTestProjectTests.xctest; sourceTree = BUILT_PRODUCTS_DIR; };
		06BF07872E0253AE00F544A9 /* WalmartTestProjectUITests.xctest */ = {isa = PBXFileReference; explicitFileType = wrapper.cfbundle; includeInIndex = 0; path = WalmartTestProjectUITests.xctest; sourceTree = BUILT_PRODUCTS_DIR; };
/* End PBXFileReference section */

/* Begin PBXFileSystemSynchronizedBuildFileExceptionSet section */
		06BF078F2E0253AE00F544A9 /* Exceptions for "WalmartTestProject" folder in "WalmartTestProject" target */ = {
			isa = PBXFileSystemSynchronizedBuildFileExceptionSet;
			membershipExceptions = (
				Info.plist,
			);
			target = 06BF07662E0253AD00F544A9 /* WalmartTestProject */;
		};
/* End PBXFileSystemSynchronizedBuildFileExceptionSet section */

/* Begin PBXFileSystemSynchronizedRootGroup section */
		06BF07692E0253AD00F544A9 /* WalmartTestProject */ = {
			isa = PBXFileSystemSynchronizedRootGroup;
			exceptions = (
				06BF078F2E0253AE00F544A9 /* Exceptions for "WalmartTestProject" folder in "WalmartTestProject" target */,
			);
			path = WalmartTestProject;
			sourceTree = "<group>";
		};
		06BF07802E0253AE00F544A9 /* WalmartTestProjectTests */ = {
			isa = PBXFileSystemSynchronizedRootGroup;
			path = WalmartTestProjectTests;
			sourceTree = "<group>";
		};
		06BF078A2E0253AE00F544A9 /* WalmartTestProjectUITests */ = {
			isa = PBXFileSystemSynchronizedRootGroup;
			path = WalmartTestProjectUITests;
			sourceTree = "<group>";
		};
/* End PBXFileSystemSynchronizedRootGroup section */

/* Begin PBXFrameworksBuildPhase section */
		06BF07642E0253AD00F544A9 /* Frameworks */ = {
			isa = PBXFrameworksBuildPhase;
			buildActionMask = 2147483647;
			files = (
			);
			runOnlyForDeploymentPostprocessing = 0;
		};
		06BF077A2E0253AE00F544A9 /* Frameworks */ = {
			isa = PBXFrameworksBuildPhase;
			buildActionMask = 2147483647;
			files = (
			);
			runOnlyForDeploymentPostprocessing = 0;
		};
		06BF07842E0253AE00F544A9 /* Frameworks */ = {
			isa = PBXFrameworksBuildPhase;
			buildActionMask = 2147483647;
			files = (
			);
			runOnlyForDeploymentPostprocessing = 0;
		};
/* End PBXFrameworksBuildPhase section */

/* Begin PBXGroup section */
		06BF075E2E0253AD00F544A9 = {
			isa = PBXGroup;
			children = (
				06BF07692E0253AD00F544A9 /* WalmartTestProject */,
				06BF07802E0253AE00F544A9 /* WalmartTestProjectTests */,
				06BF078A2E0253AE00F544A9 /* WalmartTestProjectUITests */,
				06BF07682E0253AD00F544A9 /* Products */,
			);
			sourceTree = "<group>";
		};
		06BF07682E0253AD00F544A9 /* Products */ = {
			isa = PBXGroup;
			children = (
				06BF07672E0253AD00F544A9 /* WalmartTestProject.app */,
				06BF077D2E0253AE00F544A9 /* WalmartTestProjectTests.xctest */,
				06BF07872E0253AE00F544A9 /* WalmartTestProjectUITests.xctest */,
			);
			name = Products;
			sourceTree = "<group>";
		};
/* End PBXGroup section */

/* Begin PBXNativeTarget section */
		06BF07662E0253AD00F544A9 /* WalmartTestProject */ = {
			isa = PBXNativeTarget;
			buildConfigurationList = 06BF07902E0253AE00F544A9 /* Build configuration list for PBXNativeTarget "WalmartTestProject" */;
			buildPhases = (
				06BF07632E0253AD00F544A9 /* Sources */,
				06BF07642E0253AD00F544A9 /* Frameworks */,
				06BF07652E0253AD00F544A9 /* Resources */,
			);
			buildRules = (
			);
			dependencies = (
			);
			fileSystemSynchronizedGroups = (
				06BF07692E0253AD00F544A9 /* WalmartTestProject */,
			);
			name = WalmartTestProject;
			packageProductDependencies = (
			);
			productName = WalmartTestProject;
			productReference = 06BF07672E0253AD00F544A9 /* WalmartTestProject.app */;
			productType = "com.apple.product-type.application";
		};
		06BF077C2E0253AE00F544A9 /* WalmartTestProjectTests */ = {
			isa = PBXNativeTarget;
			buildConfigurationList = 06BF07952E0253AE00F544A9 /* Build configuration list for PBXNativeTarget "WalmartTestProjectTests" */;
			buildPhases = (
				06BF07792E0253AE00F544A9 /* Sources */,
				06BF077A2E0253AE00F544A9 /* Frameworks */,
				06BF077B2E0253AE00F544A9 /* Resources */,
			);
			buildRules = (
			);
			dependencies = (
				06BF077F2E0253AE00F544A9 /* PBXTargetDependency */,
			);
			fileSystemSynchronizedGroups = (
				06BF07802E0253AE00F544A9 /* WalmartTestProjectTests */,
			);
			name = WalmartTestProjectTests;
			packageProductDependencies = (
			);
			productName = WalmartTestProjectTests;
			productReference = 06BF077D2E0253AE00F544A9 /* WalmartTestProjectTests.xctest */;
			productType = "com.apple.product-type.bundle.unit-test";
		};
		06BF07862E0253AE00F544A9 /* WalmartTestProjectUITests */ = {
			isa = PBXNativeTarget;
			buildConfigurationList = 06BF07982E0253AE00F544A9 /* Build configuration list for PBXNativeTarget "WalmartTestProjectUITests" */;
			buildPhases = (
				06BF07832E0253AE00F544A9 /* Sources */,
				06BF07842E0253AE00F544A9 /* Frameworks */,
				06BF07852E0253AE00F544A9 /* Resources */,
			);
			buildRules = (
			);
			dependencies = (
				06BF07892E0253AE00F544A9 /* PBXTargetDependency */,
			);
			fileSystemSynchronizedGroups = (
				06BF078A2E0253AE00F544A9 /* WalmartTestProjectUITests */,
			);
			name = WalmartTestProjectUITests;
			packageProductDependencies = (
			);
			productName = WalmartTestProjectUITests;
			productReference = 06BF07872E0253AE00F544A9 /* WalmartTestProjectUITests.xctest */;
			productType = "com.apple.product-type.bundle.ui-testing";
		};
/* End PBXNativeTarget section */

/* Begin PBXProject section */
		06BF075F2E0253AD00F544A9 /* Project object */ = {
			isa = PBXProject;
			attributes = {
				BuildIndependentTargetsInParallel = 1;
				LastSwiftUpdateCheck = 1630;
				LastUpgradeCheck = 1630;
				TargetAttributes = {
					06BF07662E0253AD00F544A9 = {
						CreatedOnToolsVersion = 16.3;
					};
					06BF077C2E0253AE00F544A9 = {
						CreatedOnToolsVersion = 16.3;
						TestTargetID = 06BF07662E0253AD00F544A9;
					};
					06BF07862E0253AE00F544A9 = {
						CreatedOnToolsVersion = 16.3;
						TestTargetID = 06BF07662E0253AD00F544A9;
					};
				};
			};
			buildConfigurationList = 06BF07622E0253AD00F544A9 /* Build configuration list for PBXProject "WalmartTestProject" */;
			developmentRegion = en;
			hasScannedForEncodings = 0;
			knownRegions = (
				en,
				Base,
			);
			mainGroup = 06BF075E2E0253AD00F544A9;
			minimizedProjectReferenceProxies = 1;
			preferredProjectObjectVersion = 77;
			productRefGroup = 06BF07682E0253AD00F544A9 /* Products */;
			projectDirPath = "";
			projectRoot = "";
			targets = (
				06BF07662E0253AD00F544A9 /* WalmartTestProject */,
				06BF077C2E0253AE00F544A9 /* WalmartTestProjectTests */,
				06BF07862E0253AE00F544A9 /* WalmartTestProjectUITests */,
			);
		};
/* End PBXProject section */

/* Begin PBXResourcesBuildPhase section */
		06BF07652E0253AD00F544A9 /* Resources */ = {
			isa = PBXResourcesBuildPhase;
			buildActionMask = 2147483647;
			files = (
			);
			runOnlyForDeploymentPostprocessing = 0;
		};
		06BF077B2E0253AE00F544A9 /* Resources */ = {
			isa = PBXResourcesBuildPhase;
			buildActionMask = 2147483647;
			files = (
			);
			runOnlyForDeploymentPostprocessing = 0;
		};
		06BF07852E0253AE00F544A9 /* Resources */ = {
			isa = PBXResourcesBuildPhase;
			buildActionMask = 2147483647;
			files = (
			);
			runOnlyForDeploymentPostprocessing = 0;
		};
/* End PBXResourcesBuildPhase section */

/* Begin PBXSourcesBuildPhase section */
		06BF07632E0253AD00F544A9 /* Sources */ = {
			isa = PBXSourcesBuildPhase;
			buildActionMask = 2147483647;
			files = (
			);
			runOnlyForDeploymentPostprocessing = 0;
		};
		06BF07792E0253AE00F544A9 /* Sources */ = {
			isa = PBXSourcesBuildPhase;
			buildActionMask = 2147483647;
			files = (
			);
			runOnlyForDeploymentPostprocessing = 0;
		};
		06BF07832E0253AE00F544A9 /* Sources */ = {
			isa = PBXSourcesBuildPhase;
			buildActionMask = 2147483647;
			files = (
			);
			runOnlyForDeploymentPostprocessing = 0;
		};
/* End PBXSourcesBuildPhase section */

/* Begin PBXTargetDependency section */
		06BF077F2E0253AE00F544A9 /* PBXTargetDependency */ = {
			isa = PBXTargetDependency;
			target = 06BF07662E0253AD00F544A9 /* WalmartTestProject */;
			targetProxy = 06BF077E2E0253AE00F544A9 /* PBXContainerItemProxy */;
		};
		06BF07892E0253AE00F544A9 /* PBXTargetDependency */ = {
			isa = PBXTargetDependency;
			target = 06BF07662E0253AD00F544A9 /* WalmartTestProject */;
			targetProxy = 06BF07882E0253AE00F544A9 /* PBXContainerItemProxy */;
		};
/* End PBXTargetDependency section */

/* Begin XCBuildConfiguration section */
		06BF07912E0253AE00F544A9 /* Debug */ = {
			isa = XCBuildConfiguration;
			buildSettings = {
				ASSETCATALOG_COMPILER_APPICON_NAME = AppIcon;
				ASSETCATALOG_COMPILER_GLOBAL_ACCENT_COLOR_NAME = AccentColor;
				CODE_SIGN_STYLE = Automatic;
				CURRENT_PROJECT_VERSION = 1;
				GENERATE_INFOPLIST_FILE = YES;
				INFOPLIST_FILE = WalmartTestProject/Info.plist;
				INFOPLIST_KEY_UIApplicationSupportsIndirectInputEvents = YES;
				INFOPLIST_KEY_UILaunchStoryboardName = LaunchScreen.storyboard;
				INFOPLIST_KEY_UIMainStoryboardFile = Main;
				INFOPLIST_KEY_UISupportedInterfaceOrientations_iPad = "UIInterfaceOrientationPortrait UIInterfaceOrientationPortraitUpsideDown UIInterfaceOrientationLandscapeLeft UIInterfaceOrientationLandscapeRight";
				INFOPLIST_KEY_UISupportedInterfaceOrientations_iPhone = "UIInterfaceOrientationPortrait UIInterfaceOrientationLandscapeLeft UIInterfaceOrientationLandscapeRight";
				LD_RUNPATH_SEARCH_PATHS = (
					"$(inherited)",
					"@executable_path/Frameworks",
				);
				MARKETING_VERSION = 1.0;
				PRODUCT_BUNDLE_IDENTIFIER = com.mk.WalmartTestProject;
				PRODUCT_NAME = "$(TARGET_NAME)";
				SWIFT_EMIT_LOC_STRINGS = YES;
				SWIFT_VERSION = 5.0;
				TARGETED_DEVICE_FAMILY = "1,2";
			};
			name = Debug;
		};
		06BF07922E0253AE00F544A9 /* Release */ = {
			isa = XCBuildConfiguration;
			buildSettings = {
				ASSETCATALOG_COMPILER_APPICON_NAME = AppIcon;
				ASSETCATALOG_COMPILER_GLOBAL_ACCENT_COLOR_NAME = AccentColor;
				CODE_SIGN_STYLE = Automatic;
				CURRENT_PROJECT_VERSION = 1;
				GENERATE_INFOPLIST_FILE = YES;
				INFOPLIST_FILE = WalmartTestProject/Info.plist;
				INFOPLIST_KEY_UIApplicationSupportsIndirectInputEvents = YES;
				INFOPLIST_KEY_UILaunchStoryboardName = LaunchScreen.storyboard;
				INFOPLIST_KEY_UIMainStoryboardFile = Main;
				INFOPLIST_KEY_UISupportedInterfaceOrientations_iPad = "UIInterfaceOrientationPortrait UIInterfaceOrientationPortraitUpsideDown UIInterfaceOrientationLandscapeLeft UIInterfaceOrientationLandscapeRight";
				INFOPLIST_KEY_UISupportedInterfaceOrientations_iPhone = "UIInterfaceOrientationPortrait UIInterfaceOrientationLandscapeLeft UIInterfaceOrientationLandscapeRight";
				LD_RUNPATH_SEARCH_PATHS = (
					"$(inherited)",
					"@executable_path/Frameworks",
				);
				MARKETING_VERSION = 1.0;
				PRODUCT_BUNDLE_IDENTIFIER = com.mk.WalmartTestProject;
				PRODUCT_NAME = "$(TARGET_NAME)";
				SWIFT_EMIT_LOC_STRINGS = YES;
				SWIFT_VERSION = 5.0;
				TARGETED_DEVICE_FAMILY = "1,2";
			};
			name = Release;
		};
		06BF07932E0253AE00F544A9 /* Debug */ = {
			isa = XCBuildConfiguration;
			buildSettings = {
				ALWAYS_SEARCH_USER_PATHS = NO;
				ASSETCATALOG_COMPILER_GENERATE_SWIFT_ASSET_SYMBOL_EXTENSIONS = YES;
				CLANG_ANALYZER_NONNULL = YES;
				CLANG_ANALYZER_NUMBER_OBJECT_CONVERSION = YES_AGGRESSIVE;
				CLANG_CXX_LANGUAGE_STANDARD = "gnu++20";
				CLANG_ENABLE_MODULES = YES;
				CLANG_ENABLE_OBJC_ARC = YES;
				CLANG_ENABLE_OBJC_WEAK = YES;
				CLANG_WARN_BLOCK_CAPTURE_AUTORELEASING = YES;
				CLANG_WARN_BOOL_CONVERSION = YES;
				CLANG_WARN_COMMA = YES;
				CLANG_WARN_CONSTANT_CONVERSION = YES;
				CLANG_WARN_DEPRECATED_OBJC_IMPLEMENTATIONS = YES;
				CLANG_WARN_DIRECT_OBJC_ISA_USAGE = YES_ERROR;
				CLANG_WARN_DOCUMENTATION_COMMENTS = YES;
				CLANG_WARN_EMPTY_BODY = YES;
				CLANG_WARN_ENUM_CONVERSION = YES;
				CLANG_WARN_INFINITE_RECURSION = YES;
				CLANG_WARN_INT_CONVERSION = YES;
				CLANG_WARN_NON_LITERAL_NULL_CONVERSION = YES;
				CLANG_WARN_OBJC_IMPLICIT_RETAIN_SELF = YES;
				CLANG_WARN_OBJC_LITERAL_CONVERSION = YES;
				CLANG_WARN_OBJC_ROOT_CLASS = YES_ERROR;
				CLANG_WARN_QUOTED_INCLUDE_IN_FRAMEWORK_HEADER = YES;
				CLANG_WARN_RANGE_LOOP_ANALYSIS = YES;
				CLANG_WARN_STRICT_PROTOTYPES = YES;
				CLANG_WARN_SUSPICIOUS_MOVE = YES;
				CLANG_WARN_UNGUARDED_AVAILABILITY = YES_AGGRESSIVE;
				CLANG_WARN_UNREACHABLE_CODE = YES;
				CLANG_WARN__DUPLICATE_METHOD_MATCH = YES;
				COPY_PHASE_STRIP = NO;
				DEBUG_INFORMATION_FORMAT = dwarf;
				ENABLE_STRICT_OBJC_MSGSEND = YES;
				ENABLE_TESTABILITY = YES;
				ENABLE_USER_SCRIPT_SANDBOXING = YES;
				GCC_C_LANGUAGE_STANDARD = gnu17;
				GCC_DYNAMIC_NO_PIC = NO;
				GCC_NO_COMMON_BLOCKS = YES;
				GCC_OPTIMIZATION_LEVEL = 0;
				GCC_PREPROCESSOR_DEFINITIONS = (
					"DEBUG=1",
					"$(inherited)",
				);
				GCC_WARN_64_TO_32_BIT_CONVERSION = YES;
				GCC_WARN_ABOUT_RETURN_TYPE = YES_ERROR;
				GCC_WARN_UNDECLARED_SELECTOR = YES;
				GCC_WARN_UNINITIALIZED_AUTOS = YES_AGGRESSIVE;
				GCC_WARN_UNUSED_FUNCTION = YES;
				GCC_WARN_UNUSED_VARIABLE = YES;
				IPHONEOS_DEPLOYMENT_TARGET = 18.4;
				LOCALIZATION_PREFERS_STRING_CATALOGS = YES;
				MTL_ENABLE_DEBUG_INFO = INCLUDE_SOURCE;
				MTL_FAST_MATH = YES;
				ONLY_ACTIVE_ARCH = YES;
				SDKROOT = iphoneos;
				SWIFT_ACTIVE_COMPILATION_CONDITIONS = "DEBUG $(inherited)";
				SWIFT_OPTIMIZATION_LEVEL = "-Onone";
			};
			name = Debug;
		};
		06BF07942E0253AE00F544A9 /* Release */ = {
			isa = XCBuildConfiguration;
			buildSettings = {
				ALWAYS_SEARCH_USER_PATHS = NO;
				ASSETCATALOG_COMPILER_GENERATE_SWIFT_ASSET_SYMBOL_EXTENSIONS = YES;
				CLANG_ANALYZER_NONNULL = YES;
				CLANG_ANALYZER_NUMBER_OBJECT_CONVERSION = YES_AGGRESSIVE;
				CLANG_CXX_LANGUAGE_STANDARD = "gnu++20";
				CLANG_ENABLE_MODULES = YES;
				CLANG_ENABLE_OBJC_ARC = YES;
				CLANG_ENABLE_OBJC_WEAK = YES;
				CLANG_WARN_BLOCK_CAPTURE_AUTORELEASING = YES;
				CLANG_WARN_BOOL_CONVERSION = YES;
				CLANG_WARN_COMMA = YES;
				CLANG_WARN_CONSTANT_CONVERSION = YES;
				CLANG_WARN_DEPRECATED_OBJC_IMPLEMENTATIONS = YES;
				CLANG_WARN_DIRECT_OBJC_ISA_USAGE = YES_ERROR;
				CLANG_WARN_DOCUMENTATION_COMMENTS = YES;
				CLANG_WARN_EMPTY_BODY = YES;
				CLANG_WARN_ENUM_CONVERSION = YES;
				CLANG_WARN_INFINITE_RECURSION = YES;
				CLANG_WARN_INT_CONVERSION = YES;
				CLANG_WARN_NON_LITERAL_NULL_CONVERSION = YES;
				CLANG_WARN_OBJC_IMPLICIT_RETAIN_SELF = YES;
				CLANG_WARN_OBJC_LITERAL_CONVERSION = YES;
				CLANG_WARN_OBJC_ROOT_CLASS = YES_ERROR;
				CLANG_WARN_QUOTED_INCLUDE_IN_FRAMEWORK_HEADER = YES;
				CLANG_WARN_RANGE_LOOP_ANALYSIS = YES;
				CLANG_WARN_STRICT_PROTOTYPES = YES;
				CLANG_WARN_SUSPICIOUS_MOVE = YES;
				CLANG_WARN_UNGUARDED_AVAILABILITY = YES_AGGRESSIVE;
				CLANG_WARN_UNREACHABLE_CODE = YES;
				CLANG_WARN__DUPLICATE_METHOD_MATCH = YES;
				COPY_PHASE_STRIP = NO;
				DEBUG_INFORMATION_FORMAT = "dwarf-with-dsym";
				ENABLE_NS_ASSERTIONS = NO;
				ENABLE_STRICT_OBJC_MSGSEND = YES;
				ENABLE_USER_SCRIPT_SANDBOXING = YES;
				GCC_C_LANGUAGE_STANDARD = gnu17;
				GCC_NO_COMMON_BLOCKS = YES;
				GCC_WARN_64_TO_32_BIT_CONVERSION = YES;
				GCC_WARN_ABOUT_RETURN_TYPE = YES_ERROR;
				GCC_WARN_UNDECLARED_SELECTOR = YES;
				GCC_WARN_UNINITIALIZED_AUTOS = YES_AGGRESSIVE;
				GCC_WARN_UNUSED_FUNCTION = YES;
				GCC_WARN_UNUSED_VARIABLE = YES;
				IPHONEOS_DEPLOYMENT_TARGET = 18.4;
				LOCALIZATION_PREFERS_STRING_CATALOGS = YES;
				MTL_ENABLE_DEBUG_INFO = NO;
				MTL_FAST_MATH = YES;
				SDKROOT = iphoneos;
				SWIFT_COMPILATION_MODE = wholemodule;
				VALIDATE_PRODUCT = YES;
			};
			name = Release;
		};
		06BF07962E0253AE00F544A9 /* Debug */ = {
			isa = XCBuildConfiguration;
			buildSettings = {
				BUNDLE_LOADER = "$(TEST_HOST)";
				CODE_SIGN_STYLE = Automatic;
				CURRENT_PROJECT_VERSION = 1;
				GENERATE_INFOPLIST_FILE = YES;
				IPHONEOS_DEPLOYMENT_TARGET = 18.4;
				MARKETING_VERSION = 1.0;
				PRODUCT_BUNDLE_IDENTIFIER = com.mk.WalmartTestProjectTests;
				PRODUCT_NAME = "$(TARGET_NAME)";
				SWIFT_EMIT_LOC_STRINGS = NO;
				SWIFT_VERSION = 5.0;
				TARGETED_DEVICE_FAMILY = "1,2";
				TEST_HOST = "$(BUILT_PRODUCTS_DIR)/WalmartTestProject.app/$(BUNDLE_EXECUTABLE_FOLDER_PATH)/WalmartTestProject";
			};
			name = Debug;
		};
		06BF07972E0253AE00F544A9 /* Release */ = {
			isa = XCBuildConfiguration;
			buildSettings = {
				BUNDLE_LOADER = "$(TEST_HOST)";
				CODE_SIGN_STYLE = Automatic;
				CURRENT_PROJECT_VERSION = 1;
				GENERATE_INFOPLIST_FILE = YES;
				IPHONEOS_DEPLOYMENT_TARGET = 18.4;
				MARKETING_VERSION = 1.0;
				PRODUCT_BUNDLE_IDENTIFIER = com.mk.WalmartTestProjectTests;
				PRODUCT_NAME = "$(TARGET_NAME)";
				SWIFT_EMIT_LOC_STRINGS = NO;
				SWIFT_VERSION = 5.0;
				TARGETED_DEVICE_FAMILY = "1,2";
				TEST_HOST = "$(BUILT_PRODUCTS_DIR)/WalmartTestProject.app/$(BUNDLE_EXECUTABLE_FOLDER_PATH)/WalmartTestProject";
			};
			name = Release;
		};
		06BF07992E0253AE00F544A9 /* Debug */ = {
			isa = XCBuildConfiguration;
			buildSettings = {
				CODE_SIGN_STYLE = Automatic;
				CURRENT_PROJECT_VERSION = 1;
				GENERATE_INFOPLIST_FILE = YES;
				MARKETING_VERSION = 1.0;
				PRODUCT_BUNDLE_IDENTIFIER = com.mk.WalmartTestProjectUITests;
				PRODUCT_NAME = "$(TARGET_NAME)";
				SWIFT_EMIT_LOC_STRINGS = NO;
				SWIFT_VERSION = 5.0;
				TARGETED_DEVICE_FAMILY = "1,2";
				TEST_TARGET_NAME = WalmartTestProject;
			};
			name = Debug;
		};
		06BF079A2E0253AE00F544A9 /* Release */ = {
			isa = XCBuildConfiguration;
			buildSettings = {
				CODE_SIGN_STYLE = Automatic;
				CURRENT_PROJECT_VERSION = 1;
				GENERATE_INFOPLIST_FILE = YES;
				MARKETING_VERSION = 1.0;
				PRODUCT_BUNDLE_IDENTIFIER = com.mk.WalmartTestProjectUITests;
				PRODUCT_NAME = "$(TARGET_NAME)";
				SWIFT_EMIT_LOC_STRINGS = NO;
				SWIFT_VERSION = 5.0;
				TARGETED_DEVICE_FAMILY = "1,2";
				TEST_TARGET_NAME = WalmartTestProject;
			};
			name = Release;
		};
/* End XCBuildConfiguration section */

/* Begin XCConfigurationList section */
		06BF07622E0253AD00F544A9 /* Build configuration list for PBXProject "WalmartTestProject" */ = {
			isa = XCConfigurationList;
			buildConfigurations = (
				06BF07932E0253AE00F544A9 /* Debug */,
				06BF07942E0253AE00F544A9 /* Release */,
			);
			defaultConfigurationIsVisible = 0;
			defaultConfigurationName = Release;
		};
		06BF07902E0253AE00F544A9 /* Build configuration list for PBXNativeTarget "WalmartTestProject" */ = {
			isa = XCConfigurationList;
			buildConfigurations = (
				06BF07912E0253AE00F544A9 /* Debug */,
				06BF07922E0253AE00F544A9 /* Release */,
			);
			defaultConfigurationIsVisible = 0;
			defaultConfigurationName = Release;
		};
		06BF07952E0253AE00F544A9 /* Build configuration list for PBXNativeTarget "WalmartTestProjectTests" */ = {
			isa = XCConfigurationList;
			buildConfigurations = (
				06BF07962E0253AE00F544A9 /* Debug */,
				06BF07972E0253AE00F544A9 /* Release */,
			);
			defaultConfigurationIsVisible = 0;
			defaultConfigurationName = Release;
		};
		06BF07982E0253AE00F544A9 /* Build configuration list for PBXNativeTarget "WalmartTestProjectUITests" */ = {
			isa = XCConfigurationList;
			buildConfigurations = (
				06BF07992E0253AE00F544A9 /* Debug */,
				06BF079A2E0253AE00F544A9 /* Release */,
			);
			defaultConfigurationIsVisible = 0;
			defaultConfigurationName = Release;
		};
/* End XCConfigurationList section */
	};
	rootObject = 06BF075F2E0253AD00F544A9 /* Project object */;
}
